<Solution>
  <Project Path="SchoolManagementSystem.API/SchoolManagementSystem.API.csproj" />
  <Project Path="SchoolManagementSystem.Application/SchoolManagementSystem.Application.csproj" />
  <Project Path="SchoolManagementSystem.Domain/SchoolManagementSystem.Domain.csproj" />
  <Project Path="SchoolManagementSystem.Infrastructure/SchoolManagementSystem.Infrastructure.csproj" />
</Solution>
